{
  "name": "flow-eda-vue",
  "version": "0.1.0",
  "lockfileVersion": 2,
  "requires": true,
  "packages": {
    "": {
      "version": "0.1.0",
      "dependencies": {
        "axios": "0.24.0",
        "element-plus": "1.0.2-beta.52",
        "moment": "^2.29.1",
        "vue": "^3.1.2",
        "vue-router": "^4.0.10",
        "vuex": "^4.0.2"
      },
      "devDependencies": {
        "@vitejs/plugin-vue": "^1.2.3",
        "@vue/compiler-sfc": "^3.1.2",
        "vite": "2.3.7"
      }
    },
    "node_modules/@babel/parser": {
      "version": "7.17.7",
      "resolved": "https://registry.npmmirror.com/@babel/parser/-/parser-7.17.7.tgz",
      "integrity": "sha512-bm3AQf45vR4gKggRfvJdYJ0gFLoCbsPxiFLSH6hTVYABptNHY6l9NrhnucVjQ/X+SPtLANT9lc0fFhikj+VBRA==",
      "bin": {
        "parser": "bin/babel-parser.js"
      },
      "engines": {
        "node": ">=6.0.0"
      }
    },
    "node_modules/@popperjs/core": {
      "version": "2.11.4",
      "resolved": "https://registry.npmmirror.com/@popperjs/core/-/core-2.11.4.tgz",
      "integrity": "sha512-q/ytXxO5NKvyT37pmisQAItCFqA7FD/vNb8dgaJy3/630Fsc+Mz9/9f2SziBoIZ30TJooXyTwZmhi1zjXmObYg=="
    },
    "node_modules/@types/lodash": {
      "version": "4.14.180",
      "resolved": "https://registry.npmmirror.com/@types/lodash/-/lodash-4.14.180.tgz",
      "integrity": "sha512-XOKXa1KIxtNXgASAnwj7cnttJxS4fksBRywK/9LzRV5YxrF80BXZIGeQSuoESQ/VkUj30Ae0+YcuHc15wJCB2g=="
    },
    "node_modules/@vitejs/plugin-vue": {
      "version": "1.10.2",
      "resolved": "https://registry.npmmirror.com/@vitejs/plugin-vue/-/plugin-vue-1.10.2.tgz",
      "integrity": "sha512-/QJ0Z9qfhAFtKRY+r57ziY4BSbGUTGsPRMpB/Ron3QPwBZM4OZAZHdTa4a8PafCwU5DTatXG8TMDoP8z+oDqJw==",
      "dev": true,
      "engines": {
        "node": ">=12.0.0"
      }
    },
    "node_modules/@vue/compiler-core": {
      "version": "3.2.31",
      "resolved": "https://registry.npmmirror.com/@vue/compiler-core/-/compiler-core-3.2.31.tgz",
      "integrity": "sha512-aKno00qoA4o+V/kR6i/pE+aP+esng5siNAVQ422TkBNM6qA4veXiZbSe8OTXHXquEi/f6Akc+nLfB4JGfe4/WQ==",
      "dependencies": {
        "@babel/parser": "^7.16.4",
        "@vue/shared": "3.2.31",
        "estree-walker": "^2.0.2",
        "source-map": "^0.6.1"
      }
    },
    "node_modules/@vue/compiler-dom": {
      "version": "3.2.31",
      "resolved": "https://registry.npmmirror.com/@vue/compiler-dom/-/compiler-dom-3.2.31.tgz",
      "integrity": "sha512-60zIlFfzIDf3u91cqfqy9KhCKIJgPeqxgveH2L+87RcGU/alT6BRrk5JtUso0OibH3O7NXuNOQ0cDc9beT0wrg==",
      "dependencies": {
        "@vue/compiler-core": "3.2.31",
        "@vue/shared": "3.2.31"
      }
    },
    "node_modules/@vue/compiler-sfc": {
      "version": "3.2.31",
      "resolved": "https://registry.npmmirror.com/@vue/compiler-sfc/-/compiler-sfc-3.2.31.tgz",
      "integrity": "sha512-748adc9msSPGzXgibHiO6T7RWgfnDcVQD+VVwYgSsyyY8Ans64tALHZANrKtOzvkwznV/F4H7OAod/jIlp/dkQ==",
      "dependencies": {
        "@babel/parser": "^7.16.4",
        "@vue/compiler-core": "3.2.31",
        "@vue/compiler-dom": "3.2.31",
        "@vue/compiler-ssr": "3.2.31",
        "@vue/reactivity-transform": "3.2.31",
        "@vue/shared": "3.2.31",
        "estree-walker": "^2.0.2",
        "magic-string": "^0.25.7",
        "postcss": "^8.1.10",
        "source-map": "^0.6.1"
      }
    },
    "node_modules/@vue/compiler-ssr": {
      "version": "3.2.31",
      "resolved": "https://registry.npmmirror.com/@vue/compiler-ssr/-/compiler-ssr-3.2.31.tgz",
      "integrity": "sha512-mjN0rqig+A8TVDnsGPYJM5dpbjlXeHUm2oZHZwGyMYiGT/F4fhJf/cXy8QpjnLQK4Y9Et4GWzHn9PS8AHUnSkw==",
      "dependencies": {
        "@vue/compiler-dom": "3.2.31",
        "@vue/shared": "3.2.31"
      }
    },
    "node_modules/@vue/devtools-api": {
      "version": "6.1.3",
      "resolved": "https://registry.npmmirror.com/@vue/devtools-api/-/devtools-api-6.1.3.tgz",
      "integrity": "sha512-79InfO2xHv+WHIrH1bHXQUiQD/wMls9qBk6WVwGCbdwP7/3zINtvqPNMtmSHXsIKjvUAHc8L0ouOj6ZQQRmcXg=="
    },
    "node_modules/@vue/reactivity": {
      "version": "3.2.31",
      "resolved": "https://registry.npmmirror.com/@vue/reactivity/-/reactivity-3.2.31.tgz",
      "integrity": "sha512-HVr0l211gbhpEKYr2hYe7hRsV91uIVGFYNHj73njbARVGHQvIojkImKMaZNDdoDZOIkMsBc9a1sMqR+WZwfSCw==",
      "dependencies": {
        "@vue/shared": "3.2.31"
      }
    },
    "node_modules/@vue/reactivity-transform": {
      "version": "3.2.31",
      "resolved": "https://registry.npmmirror.com/@vue/reactivity-transform/-/reactivity-transform-3.2.31.tgz",
      "integrity": "sha512-uS4l4z/W7wXdI+Va5pgVxBJ345wyGFKvpPYtdSgvfJfX/x2Ymm6ophQlXXB6acqGHtXuBqNyyO3zVp9b1r0MOA==",
      "dependencies": {
        "@babel/parser": "^7.16.4",
        "@vue/compiler-core": "3.2.31",
        "@vue/shared": "3.2.31",
        "estree-walker": "^2.0.2",
        "magic-string": "^0.25.7"
      }
    },
    "node_modules/@vue/runtime-core": {
      "version": "3.2.31",
      "resolved": "https://registry.npmmirror.com/@vue/runtime-core/-/runtime-core-3.2.31.tgz",
      "integrity": "sha512-Kcog5XmSY7VHFEMuk4+Gap8gUssYMZ2+w+cmGI6OpZWYOEIcbE0TPzzPHi+8XTzAgx1w/ZxDFcXhZeXN5eKWsA==",
      "dependencies": {
        "@vue/reactivity": "3.2.31",
        "@vue/shared": "3.2.31"
      }
    },
    "node_modules/@vue/runtime-dom": {
      "version": "3.2.31",
      "resolved": "https://registry.npmmirror.com/@vue/runtime-dom/-/runtime-dom-3.2.31.tgz",
      "integrity": "sha512-N+o0sICVLScUjfLG7u9u5XCjvmsexAiPt17GNnaWHJUfsKed5e85/A3SWgKxzlxx2SW/Hw7RQxzxbXez9PtY3g==",
      "dependencies": {
        "@vue/runtime-core": "3.2.31",
        "@vue/shared": "3.2.31",
        "csstype": "^2.6.8"
      }
    },
    "node_modules/@vue/server-renderer": {
      "version": "3.2.31",
      "resolved": "https://registry.npmmirror.com/@vue/server-renderer/-/server-renderer-3.2.31.tgz",
      "integrity": "sha512-8CN3Zj2HyR2LQQBHZ61HexF5NReqngLT3oahyiVRfSSvak+oAvVmu8iNLSu6XR77Ili2AOpnAt1y8ywjjqtmkg==",
      "dependencies": {
        "@vue/compiler-ssr": "3.2.31",
        "@vue/shared": "3.2.31"
      }
    },
    "node_modules/@vue/shared": {
      "version": "3.2.31",
      "resolved": "https://registry.npmmirror.com/@vue/shared/-/shared-3.2.31.tgz",
      "integrity": "sha512-ymN2pj6zEjiKJZbrf98UM2pfDd6F2H7ksKw7NDt/ZZ1fh5Ei39X5tABugtT03ZRlWd9imccoK0hE8hpjpU7irQ=="
    },
    "node_modules/async-validator": {
      "version": "3.5.2",
      "resolved": "https://registry.npmmirror.com/async-validator/-/async-validator-3.5.2.tgz",
      "integrity": "sha512-8eLCg00W9pIRZSB781UUX/H6Oskmm8xloZfr09lz5bikRpBVDlJ3hRVuxxP1SxcwsEYfJ4IU8Q19Y8/893r3rQ=="
    },
    "node_modules/axios": {
      "version": "0.24.0",
      "resolved": "https://registry.npmmirror.com/axios/-/axios-0.24.0.tgz",
      "integrity": "sha512-Q6cWsys88HoPgAaFAVUb0WpPk0O8iTeisR9IMqy9G8AbO4NlpVknrnQS03zzF9PGAWgO3cgletO3VjV/P7VztA==",
      "dependencies": {
        "follow-redirects": "^1.14.4"
      }
    },
    "node_modules/csstype": {
      "version": "2.6.20",
      "resolved": "https://registry.npmmirror.com/csstype/-/csstype-2.6.20.tgz",
      "integrity": "sha512-/WwNkdXfckNgw6S5R125rrW8ez139lBHWouiBvX8dfMFtcn6V81REDqnH7+CRpRipfYlyU1CmOnOxrmGcFOjeA=="
    },
    "node_modules/dayjs": {
      "version": "1.11.0",
      "resolved": "https://registry.npmmirror.com/dayjs/-/dayjs-1.11.0.tgz",
      "integrity": "sha512-JLC809s6Y948/FuCZPm5IX8rRhQwOiyMb2TfVVQEixG7P8Lm/gt5S7yoQZmC8x1UehI9Pb7sksEt4xx14m+7Ug=="
    },
    "node_modules/element-plus": {
      "version": "1.0.2-beta.52",
      "resolved": "https://registry.npmmirror.com/element-plus/-/element-plus-1.0.2-beta.52.tgz",
      "integrity": "sha512-oAuJHwXyvM4dsuOz7HSDPIBVPqRJ1KEzFzGqYdqbBjQ/aw79uCJxvS9Q4q9/XrPMfPire09+bPTypiIaHkNBhA==",
      "dependencies": {
        "@popperjs/core": "^2.4.4",
        "@types/lodash": "^4.14.161",
        "async-validator": "^3.4.0",
        "dayjs": "1.x",
        "lodash": "^4.17.20",
        "mitt": "^2.1.0",
        "normalize-wheel": "^1.0.1",
        "resize-observer-polyfill": "^1.5.1"
      }
    },
    "node_modules/esbuild": {
      "version": "0.12.29",
      "resolved": "https://registry.npmmirror.com/esbuild/-/esbuild-0.12.29.tgz",
      "integrity": "sha512-w/XuoBCSwepyiZtIRsKsetiLDUVGPVw1E/R3VTFSecIy8UR7Cq3SOtwKHJMFoVqqVG36aGkzh4e8BvpO1Fdc7g==",
      "dev": true,
      "bin": {
        "esbuild": "bin/esbuild"
      }
    },
    "node_modules/estree-walker": {
      "version": "2.0.2",
      "resolved": "https://registry.npmmirror.com/estree-walker/-/estree-walker-2.0.2.tgz",
      "integrity": "sha512-Rfkk/Mp/DL7JVje3u18FxFujQlTNR2q6QfMSMB7AvCBx91NGj/ba3kCfza0f6dVDbw7YlRf/nDrn7pQrCCyQ/w=="
    },
    "node_modules/follow-redirects": {
      "version": "1.14.9",
      "resolved": "https://registry.npmmirror.com/follow-redirects/-/follow-redirects-1.14.9.tgz",
      "integrity": "sha512-MQDfihBQYMcyy5dhRDJUHcw7lb2Pv/TuE6xP1vyraLukNDHKbDxDNaOE3NbCAdKQApno+GPRyo1YAp89yCjK4w==",
      "engines": {
        "node": ">=4.0"
      }
    },
    "node_modules/fsevents": {
      "version": "2.3.2",
      "resolved": "https://registry.npmmirror.com/fsevents/-/fsevents-2.3.2.tgz",
      "integrity": "sha512-xiqMQR4xAeHTuB9uWm+fFRcIOgKBMiOBP+eXiyT7jsgVCq1bkVygt00oASowB7EdtpOHaaPgKt812P9ab+DDKA==",
      "dev": true,
      "optional": true,
      "os": [
        "darwin"
      ],
      "engines": {
        "node": "^8.16.0 || ^10.6.0 || >=11.0.0"
      }
    },
    "node_modules/function-bind": {
      "version": "1.1.1",
      "resolved": "https://registry.npmmirror.com/function-bind/-/function-bind-1.1.1.tgz",
      "integrity": "sha512-yIovAzMX49sF8Yl58fSCWJ5svSLuaibPxXQJFLmBObTuCr0Mf1KiPopGM9NiFjiYBCbfaa2Fh6breQ6ANVTI0A==",
      "dev": true
    },
    "node_modules/has": {
      "version": "1.0.3",
      "resolved": "https://registry.npmmirror.com/has/-/has-1.0.3.tgz",
      "integrity": "sha512-f2dvO0VU6Oej7RkWJGrehjbzMAjFp5/VKPp5tTpWIV4JHHZK1/BxbFRtf/siA2SWTe09caDmVtYYzWEIbBS4zw==",
      "dev": true,
      "dependencies": {
        "function-bind": "^1.1.1"
      },
      "engines": {
        "node": ">= 0.4.0"
      }
    },
    "node_modules/is-core-module": {
      "version": "2.8.1",
      "resolved": "https://registry.npmmirror.com/is-core-module/-/is-core-module-2.8.1.tgz",
      "integrity": "sha512-SdNCUs284hr40hFTFP6l0IfZ/RSrMXF3qgoRHd3/79unUTvrFO/JoXwkGm+5J/Oe3E/b5GsnG330uUNgRpu1PA==",
      "dev": true,
      "dependencies": {
        "has": "^1.0.3"
      }
    },
    "node_modules/lodash": {
      "version": "4.17.21",
      "resolved": "https://registry.npmmirror.com/lodash/-/lodash-4.17.21.tgz",
      "integrity": "sha512-v2kDEe57lecTulaDIuNTPy3Ry4gLGJ6Z1O3vE1krgXZNrsQ+LFTGHVxVjcXPs17LhbZVGedAJv8XZ1tvj5FvSg=="
    },
    "node_modules/magic-string": {
      "version": "0.25.9",
      "resolved": "https://registry.npmmirror.com/magic-string/-/magic-string-0.25.9.tgz",
      "integrity": "sha512-RmF0AsMzgt25qzqqLc1+MbHmhdx0ojF2Fvs4XnOqz2ZOBXzzkEwc/dJQZCYHAn7v1jbVOjAZfK8msRn4BxO4VQ==",
      "dependencies": {
        "sourcemap-codec": "^1.4.8"
      }
    },
    "node_modules/mitt": {
      "version": "2.1.0",
      "resolved": "https://registry.npmmirror.com/mitt/-/mitt-2.1.0.tgz",
      "integrity": "sha512-ILj2TpLiysu2wkBbWjAmww7TkZb65aiQO+DkVdUTBpBXq+MHYiETENkKFMtsJZX1Lf4pe4QOrTSjIfUwN5lRdg=="
    },
    "node_modules/moment": {
      "version": "2.29.1",
      "resolved": "https://registry.npmmirror.com/moment/-/moment-2.29.1.tgz",
      "integrity": "sha512-kHmoybcPV8Sqy59DwNDY3Jefr64lK/by/da0ViFcuA4DH0vQg5Q6Ze5VimxkfQNSC+Mls/Kx53s7TjP1RhFEDQ==",
      "engines": {
        "node": "*"
      }
    },
    "node_modules/nanoid": {
      "version": "3.3.1",
      "resolved": "https://registry.npmmirror.com/nanoid/-/nanoid-3.3.1.tgz",
      "integrity": "sha512-n6Vs/3KGyxPQd6uO0eH4Bv0ojGSUvuLlIHtC3Y0kEO23YRge8H9x1GCzLn28YX0H66pMkxuaeESFq4tKISKwdw==",
      "bin": {
        "nanoid": "bin/nanoid.cjs"
      },
      "engines": {
        "node": "^10 || ^12 || ^13.7 || ^14 || >=15.0.1"
      }
    },
    "node_modules/normalize-wheel": {
      "version": "1.0.1",
      "resolved": "https://registry.npmmirror.com/normalize-wheel/-/normalize-wheel-1.0.1.tgz",
      "integrity": "sha512-1OnlAPZ3zgrk8B91HyRj+eVv+kS5u+Z0SCsak6Xil/kmgEia50ga7zfkumayonZrImffAxPU/5WcyGhzetHNPA=="
    },
    "node_modules/path-parse": {
      "version": "1.0.7",
      "resolved": "https://registry.npmmirror.com/path-parse/-/path-parse-1.0.7.tgz",
      "integrity": "sha512-LDJzPVEEEPR+y48z93A0Ed0yXb8pAByGWo/k5YYdYgpY2/2EsOsksJrq7lOHxryrVOn1ejG6oAp8ahvOIQD8sw==",
      "dev": true
    },
    "node_modules/picocolors": {
      "version": "1.0.0",
      "resolved": "https://registry.npmmirror.com/picocolors/-/picocolors-1.0.0.tgz",
      "integrity": "sha512-1fygroTLlHu66zi26VoTDv8yRgm0Fccecssto+MhsZ0D/DGW2sm8E8AjW7NU5VVTRt5GxbeZ5qBuJr+HyLYkjQ=="
    },
    "node_modules/postcss": {
      "version": "8.4.12",
      "resolved": "https://registry.npmmirror.com/postcss/-/postcss-8.4.12.tgz",
      "integrity": "sha512-lg6eITwYe9v6Hr5CncVbK70SoioNQIq81nsaG86ev5hAidQvmOeETBqs7jm43K2F5/Ley3ytDtriImV6TpNiSg==",
      "dependencies": {
        "nanoid": "^3.3.1",
        "picocolors": "^1.0.0",
        "source-map-js": "^1.0.2"
      },
      "engines": {
        "node": "^10 || ^12 || >=14"
      }
    },
    "node_modules/resize-observer-polyfill": {
      "version": "1.5.1",
      "resolved": "https://registry.npmmirror.com/resize-observer-polyfill/-/resize-observer-polyfill-1.5.1.tgz",
      "integrity": "sha512-LwZrotdHOo12nQuZlHEmtuXdqGoOD0OhaxopaNFxWzInpEgaLWoVuAMbTzixuosCx2nEG58ngzW3vxdWoxIgdg=="
    },
    "node_modules/resolve": {
      "version": "1.22.0",
      "resolved": "https://registry.npmmirror.com/resolve/-/resolve-1.22.0.tgz",
      "integrity": "sha512-Hhtrw0nLeSrFQ7phPp4OOcVjLPIeMnRlr5mcnVuMe7M/7eBn98A3hmFRLoFo3DLZkivSYwhRUJTyPyWAk56WLw==",
      "dev": true,
      "dependencies": {
        "is-core-module": "^2.8.1",
        "path-parse": "^1.0.7",
        "supports-preserve-symlinks-flag": "^1.0.0"
      },
      "bin": {
        "resolve": "bin/resolve"
      }
    },
    "node_modules/rollup": {
      "version": "2.70.1",
      "resolved": "https://registry.npmmirror.com/rollup/-/rollup-2.70.1.tgz",
      "integrity": "sha512-CRYsI5EuzLbXdxC6RnYhOuRdtz4bhejPMSWjsFLfVM/7w/85n2szZv6yExqUXsBdz5KT8eoubeyDUDjhLHEslA==",
      "dev": true,
      "bin": {
        "rollup": "dist/bin/rollup"
      },
      "engines": {
        "node": ">=10.0.0"
      },
      "optionalDependencies": {
        "fsevents": "~2.3.2"
      }
    },
    "node_modules/source-map": {
      "version": "0.6.1",
      "resolved": "https://registry.npmmirror.com/source-map/-/source-map-0.6.1.tgz",
      "integrity": "sha512-UjgapumWlbMhkBgzT7Ykc5YXUT46F0iKu8SGXq0bcwP5dz/h0Plj6enJqjz1Zbq2l5WaqYnrVbwWOWMyF3F47g==",
      "engines": {
        "node": ">=0.10.0"
      }
    },
    "node_modules/source-map-js": {
      "version": "1.0.2",
      "resolved": "https://registry.npmmirror.com/source-map-js/-/source-map-js-1.0.2.tgz",
      "integrity": "sha512-R0XvVJ9WusLiqTCEiGCmICCMplcCkIwwR11mOSD9CR5u+IXYdiseeEuXCVAjS54zqwkLcPNnmU4OeJ6tUrWhDw==",
      "engines": {
        "node": ">=0.10.0"
      }
    },
    "node_modules/sourcemap-codec": {
      "version": "1.4.8",
      "resolved": "https://registry.npmmirror.com/sourcemap-codec/-/sourcemap-codec-1.4.8.tgz",
      "integrity": "sha512-9NykojV5Uih4lgo5So5dtw+f0JgJX30KCNI8gwhz2J9A15wD0Ml6tjHKwf6fTSa6fAdVBdZeNOs9eJ71qCk8vA=="
    },
    "node_modules/supports-preserve-symlinks-flag": {
      "version": "1.0.0",
      "resolved": "https://registry.npmmirror.com/supports-preserve-symlinks-flag/-/supports-preserve-symlinks-flag-1.0.0.tgz",
      "integrity": "sha512-ot0WnXS9fgdkgIcePe6RHNk1WA8+muPa6cSjeR3V8K27q9BB1rTE3R1p7Hv0z1ZyAc8s6Vvv8DIyWf681MAt0w==",
      "dev": true,
      "engines": {
        "node": ">= 0.4"
      }
    },
    "node_modules/vite": {
      "version": "2.3.7",
      "resolved": "https://registry.npmmirror.com/vite/-/vite-2.3.7.tgz",
      "integrity": "sha512-Y0xRz11MPYu/EAvzN94+FsOZHbSvO6FUvHv127CyG7mV6oDoay2bw+g5y9wW3Blf8OY3chaz3nc/DcRe1IQ3Nw==",
      "dev": true,
      "dependencies": {
        "esbuild": "^0.12.5",
        "postcss": "^8.3.0",
        "resolve": "^1.19.0",
        "rollup": "^2.38.5"
      },
      "bin": {
        "vite": "bin/vite.js"
      },
      "engines": {
        "node": ">=12.0.0"
      },
      "optionalDependencies": {
        "fsevents": "~2.3.1"
      }
    },
    "node_modules/vue": {
      "version": "3.2.31",
      "resolved": "https://registry.npmmirror.com/vue/-/vue-3.2.31.tgz",
      "integrity": "sha512-odT3W2tcffTiQCy57nOT93INw1auq5lYLLYtWpPYQQYQOOdHiqFct9Xhna6GJ+pJQaF67yZABraH47oywkJgFw==",
      "dependencies": {
        "@vue/compiler-dom": "3.2.31",
        "@vue/compiler-sfc": "3.2.31",
        "@vue/runtime-dom": "3.2.31",
        "@vue/server-renderer": "3.2.31",
        "@vue/shared": "3.2.31"
      }
    },
    "node_modules/vue-router": {
      "version": "4.0.14",
      "resolved": "https://registry.npmmirror.com/vue-router/-/vue-router-4.0.14.tgz",
      "integrity": "sha512-wAO6zF9zxA3u+7AkMPqw9LjoUCjSxfFvINQj3E/DceTt6uEz1XZLraDhdg2EYmvVwTBSGlLYsUw8bDmx0754Mw==",
      "dependencies": {
        "@vue/devtools-api": "^6.0.0"
      }
    },
    "node_modules/vuex": {
      "version": "4.0.2",
      "resolved": "https://registry.npmmirror.com/vuex/-/vuex-4.0.2.tgz",
      "integrity": "sha512-M6r8uxELjZIK8kTKDGgZTYX/ahzblnzC4isU1tpmEuOIIKmV+TRdc+H4s8ds2NuZ7wpUTdGRzJRtoj+lI+pc0Q==",
      "dependencies": {
        "@vue/devtools-api": "^6.0.0-beta.11"
      }
    }
  },
  "dependencies": {
    "@babel/parser": {
      "version": "7.17.7",
      "resolved": "https://registry.npmmirror.com/@babel/parser/-/parser-7.17.7.tgz",
      "integrity": "sha512-bm3AQf45vR4gKggRfvJdYJ0gFLoCbsPxiFLSH6hTVYABptNHY6l9NrhnucVjQ/X+SPtLANT9lc0fFhikj+VBRA=="
    },
    "@popperjs/core": {
      "version": "2.11.4",
      "resolved": "https://registry.npmmirror.com/@popperjs/core/-/core-2.11.4.tgz",
      "integrity": "sha512-q/ytXxO5NKvyT37pmisQAItCFqA7FD/vNb8dgaJy3/630Fsc+Mz9/9f2SziBoIZ30TJooXyTwZmhi1zjXmObYg=="
    },
    "@types/lodash": {
      "version": "4.14.180",
      "resolved": "https://registry.npmmirror.com/@types/lodash/-/lodash-4.14.180.tgz",
      "integrity": "sha512-XOKXa1KIxtNXgASAnwj7cnttJxS4fksBRywK/9LzRV5YxrF80BXZIGeQSuoESQ/VkUj30Ae0+YcuHc15wJCB2g=="
    },
    "@vitejs/plugin-vue": {
      "version": "1.10.2",
      "resolved": "https://registry.npmmirror.com/@vitejs/plugin-vue/-/plugin-vue-1.10.2.tgz",
      "integrity": "sha512-/QJ0Z9qfhAFtKRY+r57ziY4BSbGUTGsPRMpB/Ron3QPwBZM4OZAZHdTa4a8PafCwU5DTatXG8TMDoP8z+oDqJw==",
      "dev": true
    },
    "@vue/compiler-core": {
      "version": "3.2.31",
      "resolved": "https://registry.npmmirror.com/@vue/compiler-core/-/compiler-core-3.2.31.tgz",
      "integrity": "sha512-aKno00qoA4o+V/kR6i/pE+aP+esng5siNAVQ422TkBNM6qA4veXiZbSe8OTXHXquEi/f6Akc+nLfB4JGfe4/WQ==",
      "requires": {
        "@babel/parser": "^7.16.4",
        "@vue/shared": "3.2.31",
        "estree-walker": "^2.0.2",
        "source-map": "^0.6.1"
      }
    },
    "@vue/compiler-dom": {
      "version": "3.2.31",
      "resolved": "https://registry.npmmirror.com/@vue/compiler-dom/-/compiler-dom-3.2.31.tgz",
      "integrity": "sha512-60zIlFfzIDf3u91cqfqy9KhCKIJgPeqxgveH2L+87RcGU/alT6BRrk5JtUso0OibH3O7NXuNOQ0cDc9beT0wrg==",
      "requires": {
        "@vue/compiler-core": "3.2.31",
        "@vue/shared": "3.2.31"
      }
    },
    "@vue/compiler-sfc": {
      "version": "3.2.31",
      "resolved": "https://registry.npmmirror.com/@vue/compiler-sfc/-/compiler-sfc-3.2.31.tgz",
      "integrity": "sha512-748adc9msSPGzXgibHiO6T7RWgfnDcVQD+VVwYgSsyyY8Ans64tALHZANrKtOzvkwznV/F4H7OAod/jIlp/dkQ==",
      "requires": {
        "@babel/parser": "^7.16.4",
        "@vue/compiler-core": "3.2.31",
        "@vue/compiler-dom": "3.2.31",
        "@vue/compiler-ssr": "3.2.31",
        "@vue/reactivity-transform": "3.2.31",
        "@vue/shared": "3.2.31",
        "estree-walker": "^2.0.2",
        "magic-string": "^0.25.7",
        "postcss": "^8.1.10",
        "source-map": "^0.6.1"
      }
    },
    "@vue/compiler-ssr": {
      "version": "3.2.31",
      "resolved": "https://registry.npmmirror.com/@vue/compiler-ssr/-/compiler-ssr-3.2.31.tgz",
      "integrity": "sha512-mjN0rqig+A8TVDnsGPYJM5dpbjlXeHUm2oZHZwGyMYiGT/F4fhJf/cXy8QpjnLQK4Y9Et4GWzHn9PS8AHUnSkw==",
      "requires": {
        "@vue/compiler-dom": "3.2.31",
        "@vue/shared": "3.2.31"
      }
    },
    "@vue/devtools-api": {
      "version": "6.1.3",
      "resolved": "https://registry.npmmirror.com/@vue/devtools-api/-/devtools-api-6.1.3.tgz",
      "integrity": "sha512-79InfO2xHv+WHIrH1bHXQUiQD/wMls9qBk6WVwGCbdwP7/3zINtvqPNMtmSHXsIKjvUAHc8L0ouOj6ZQQRmcXg=="
    },
    "@vue/reactivity": {
      "version": "3.2.31",
      "resolved": "https://registry.npmmirror.com/@vue/reactivity/-/reactivity-3.2.31.tgz",
      "integrity": "sha512-HVr0l211gbhpEKYr2hYe7hRsV91uIVGFYNHj73njbARVGHQvIojkImKMaZNDdoDZOIkMsBc9a1sMqR+WZwfSCw==",
      "requires": {
        "@vue/shared": "3.2.31"
      }
    },
    "@vue/reactivity-transform": {
      "version": "3.2.31",
      "resolved": "https://registry.npmmirror.com/@vue/reactivity-transform/-/reactivity-transform-3.2.31.tgz",
      "integrity": "sha512-uS4l4z/W7wXdI+Va5pgVxBJ345wyGFKvpPYtdSgvfJfX/x2Ymm6ophQlXXB6acqGHtXuBqNyyO3zVp9b1r0MOA==",
      "requires": {
        "@babel/parser": "^7.16.4",
        "@vue/compiler-core": "3.2.31",
        "@vue/shared": "3.2.31",
        "estree-walker": "^2.0.2",
        "magic-string": "^0.25.7"
      }
    },
    "@vue/runtime-core": {
      "version": "3.2.31",
      "resolved": "https://registry.npmmirror.com/@vue/runtime-core/-/runtime-core-3.2.31.tgz",
      "integrity": "sha512-Kcog5XmSY7VHFEMuk4+Gap8gUssYMZ2+w+cmGI6OpZWYOEIcbE0TPzzPHi+8XTzAgx1w/ZxDFcXhZeXN5eKWsA==",
      "requires": {
        "@vue/reactivity": "3.2.31",
        "@vue/shared": "3.2.31"
      }
    },
    "@vue/runtime-dom": {
      "version": "3.2.31",
      "resolved": "https://registry.npmmirror.com/@vue/runtime-dom/-/runtime-dom-3.2.31.tgz",
      "integrity": "sha512-N+o0sICVLScUjfLG7u9u5XCjvmsexAiPt17GNnaWHJUfsKed5e85/A3SWgKxzlxx2SW/Hw7RQxzxbXez9PtY3g==",
      "requires": {
        "@vue/runtime-core": "3.2.31",
        "@vue/shared": "3.2.31",
        "csstype": "^2.6.8"
      }
    },
    "@vue/server-renderer": {
      "version": "3.2.31",
      "resolved": "https://registry.npmmirror.com/@vue/server-renderer/-/server-renderer-3.2.31.tgz",
      "integrity": "sha512-8CN3Zj2HyR2LQQBHZ61HexF5NReqngLT3oahyiVRfSSvak+oAvVmu8iNLSu6XR77Ili2AOpnAt1y8ywjjqtmkg==",
      "requires": {
        "@vue/compiler-ssr": "3.2.31",
        "@vue/shared": "3.2.31"
      }
    },
    "@vue/shared": {
      "version": "3.2.31",
      "resolved": "https://registry.npmmirror.com/@vue/shared/-/shared-3.2.31.tgz",
      "integrity": "sha512-ymN2pj6zEjiKJZbrf98UM2pfDd6F2H7ksKw7NDt/ZZ1fh5Ei39X5tABugtT03ZRlWd9imccoK0hE8hpjpU7irQ=="
    },
    "async-validator": {
      "version": "3.5.2",
      "resolved": "https://registry.npmmirror.com/async-validator/-/async-validator-3.5.2.tgz",
      "integrity": "sha512-8eLCg00W9pIRZSB781UUX/H6Oskmm8xloZfr09lz5bikRpBVDlJ3hRVuxxP1SxcwsEYfJ4IU8Q19Y8/893r3rQ=="
    },
    "axios": {
      "version": "0.24.0",
      "resolved": "https://registry.npmmirror.com/axios/-/axios-0.24.0.tgz",
      "integrity": "sha512-Q6cWsys88HoPgAaFAVUb0WpPk0O8iTeisR9IMqy9G8AbO4NlpVknrnQS03zzF9PGAWgO3cgletO3VjV/P7VztA==",
      "requires": {
        "follow-redirects": "^1.14.4"
      }
    },
    "csstype": {
      "version": "2.6.20",
      "resolved": "https://registry.npmmirror.com/csstype/-/csstype-2.6.20.tgz",
      "integrity": "sha512-/WwNkdXfckNgw6S5R125rrW8ez139lBHWouiBvX8dfMFtcn6V81REDqnH7+CRpRipfYlyU1CmOnOxrmGcFOjeA=="
    },
    "dayjs": {
      "version": "1.11.0",
      "resolved": "https://registry.npmmirror.com/dayjs/-/dayjs-1.11.0.tgz",
      "integrity": "sha512-JLC809s6Y948/FuCZPm5IX8rRhQwOiyMb2TfVVQEixG7P8Lm/gt5S7yoQZmC8x1UehI9Pb7sksEt4xx14m+7Ug=="
    },
    "element-plus": {
      "version": "1.0.2-beta.52",
      "resolved": "https://registry.npmmirror.com/element-plus/-/element-plus-1.0.2-beta.52.tgz",
      "integrity": "sha512-oAuJHwXyvM4dsuOz7HSDPIBVPqRJ1KEzFzGqYdqbBjQ/aw79uCJxvS9Q4q9/XrPMfPire09+bPTypiIaHkNBhA==",
      "requires": {
        "@popperjs/core": "^2.4.4",
        "@types/lodash": "^4.14.161",
        "async-validator": "^3.4.0",
        "dayjs": "1.x",
        "lodash": "^4.17.20",
        "mitt": "^2.1.0",
        "normalize-wheel": "^1.0.1",
        "resize-observer-polyfill": "^1.5.1"
      }
    },
    "esbuild": {
      "version": "0.12.29",
      "resolved": "https://registry.npmmirror.com/esbuild/-/esbuild-0.12.29.tgz",
      "integrity": "sha512-w/XuoBCSwepyiZtIRsKsetiLDUVGPVw1E/R3VTFSecIy8UR7Cq3SOtwKHJMFoVqqVG36aGkzh4e8BvpO1Fdc7g==",
      "dev": true
    },
    "estree-walker": {
      "version": "2.0.2",
      "resolved": "https://registry.npmmirror.com/estree-walker/-/estree-walker-2.0.2.tgz",
      "integrity": "sha512-Rfkk/Mp/DL7JVje3u18FxFujQlTNR2q6QfMSMB7AvCBx91NGj/ba3kCfza0f6dVDbw7YlRf/nDrn7pQrCCyQ/w=="
    },
    "follow-redirects": {
      "version": "1.14.9",
      "resolved": "https://registry.npmmirror.com/follow-redirects/-/follow-redirects-1.14.9.tgz",
      "integrity": "sha512-MQDfihBQYMcyy5dhRDJUHcw7lb2Pv/TuE6xP1vyraLukNDHKbDxDNaOE3NbCAdKQApno+GPRyo1YAp89yCjK4w=="
    },
    "fsevents": {
      "version": "2.3.2",
      "resolved": "https://registry.npmmirror.com/fsevents/-/fsevents-2.3.2.tgz",
      "integrity": "sha512-xiqMQR4xAeHTuB9uWm+fFRcIOgKBMiOBP+eXiyT7jsgVCq1bkVygt00oASowB7EdtpOHaaPgKt812P9ab+DDKA==",
      "dev": true,
      "optional": true
    },
    "function-bind": {
      "version": "1.1.1",
      "resolved": "https://registry.npmmirror.com/function-bind/-/function-bind-1.1.1.tgz",
      "integrity": "sha512-yIovAzMX49sF8Yl58fSCWJ5svSLuaibPxXQJFLmBObTuCr0Mf1KiPopGM9NiFjiYBCbfaa2Fh6breQ6ANVTI0A==",
      "dev": true
    },
    "has": {
      "version": "1.0.3",
      "resolved": "https://registry.npmmirror.com/has/-/has-1.0.3.tgz",
      "integrity": "sha512-f2dvO0VU6Oej7RkWJGrehjbzMAjFp5/VKPp5tTpWIV4JHHZK1/BxbFRtf/siA2SWTe09caDmVtYYzWEIbBS4zw==",
      "dev": true,
      "requires": {
        "function-bind": "^1.1.1"
      }
    },
    "is-core-module": {
      "version": "2.8.1",
      "resolved": "https://registry.npmmirror.com/is-core-module/-/is-core-module-2.8.1.tgz",
      "integrity": "sha512-SdNCUs284hr40hFTFP6l0IfZ/RSrMXF3qgoRHd3/79unUTvrFO/JoXwkGm+5J/Oe3E/b5GsnG330uUNgRpu1PA==",
      "dev": true,
      "requires": {
        "has": "^1.0.3"
      }
    },
    "lodash": {
      "version": "4.17.21",
      "resolved": "https://registry.npmmirror.com/lodash/-/lodash-4.17.21.tgz",
      "integrity": "sha512-v2kDEe57lecTulaDIuNTPy3Ry4gLGJ6Z1O3vE1krgXZNrsQ+LFTGHVxVjcXPs17LhbZVGedAJv8XZ1tvj5FvSg=="
    },
    "magic-string": {
      "version": "0.25.9",
      "resolved": "https://registry.npmmirror.com/magic-string/-/magic-string-0.25.9.tgz",
      "integrity": "sha512-RmF0AsMzgt25qzqqLc1+MbHmhdx0ojF2Fvs4XnOqz2ZOBXzzkEwc/dJQZCYHAn7v1jbVOjAZfK8msRn4BxO4VQ==",
      "requires": {
        "sourcemap-codec": "^1.4.8"
      }
    },
    "mitt": {
      "version": "2.1.0",
      "resolved": "https://registry.npmmirror.com/mitt/-/mitt-2.1.0.tgz",
      "integrity": "sha512-ILj2TpLiysu2wkBbWjAmww7TkZb65aiQO+DkVdUTBpBXq+MHYiETENkKFMtsJZX1Lf4pe4QOrTSjIfUwN5lRdg=="
    },
    "moment": {
      "version": "2.29.1",
      "resolved": "https://registry.npmmirror.com/moment/-/moment-2.29.1.tgz",
      "integrity": "sha512-kHmoybcPV8Sqy59DwNDY3Jefr64lK/by/da0ViFcuA4DH0vQg5Q6Ze5VimxkfQNSC+Mls/Kx53s7TjP1RhFEDQ=="
    },
    "nanoid": {
      "version": "3.3.1",
      "resolved": "https://registry.npmmirror.com/nanoid/-/nanoid-3.3.1.tgz",
      "integrity": "sha512-n6Vs/3KGyxPQd6uO0eH4Bv0ojGSUvuLlIHtC3Y0kEO23YRge8H9x1GCzLn28YX0H66pMkxuaeESFq4tKISKwdw=="
    },
    "normalize-wheel": {
      "version": "1.0.1",
      "resolved": "https://registry.npmmirror.com/normalize-wheel/-/normalize-wheel-1.0.1.tgz",
      "integrity": "sha512-1OnlAPZ3zgrk8B91HyRj+eVv+kS5u+Z0SCsak6Xil/kmgEia50ga7zfkumayonZrImffAxPU/5WcyGhzetHNPA=="
    },
    "path-parse": {
      "version": "1.0.7",
      "resolved": "https://registry.npmmirror.com/path-parse/-/path-parse-1.0.7.tgz",
      "integrity": "sha512-LDJzPVEEEPR+y48z93A0Ed0yXb8pAByGWo/k5YYdYgpY2/2EsOsksJrq7lOHxryrVOn1ejG6oAp8ahvOIQD8sw==",
      "dev": true
    },
    "picocolors": {
      "version": "1.0.0",
      "resolved": "https://registry.npmmirror.com/picocolors/-/picocolors-1.0.0.tgz",
      "integrity": "sha512-1fygroTLlHu66zi26VoTDv8yRgm0Fccecssto+MhsZ0D/DGW2sm8E8AjW7NU5VVTRt5GxbeZ5qBuJr+HyLYkjQ=="
    },
    "postcss": {
      "version": "8.4.12",
      "resolved": "https://registry.npmmirror.com/postcss/-/postcss-8.4.12.tgz",
      "integrity": "sha512-lg6eITwYe9v6Hr5CncVbK70SoioNQIq81nsaG86ev5hAidQvmOeETBqs7jm43K2F5/Ley3ytDtriImV6TpNiSg==",
      "requires": {
        "nanoid": "^3.3.1",
        "picocolors": "^1.0.0",
        "source-map-js": "^1.0.2"
      }
    },
    "resize-observer-polyfill": {
      "version": "1.5.1",
      "resolved": "https://registry.npmmirror.com/resize-observer-polyfill/-/resize-observer-polyfill-1.5.1.tgz",
      "integrity": "sha512-LwZrotdHOo12nQuZlHEmtuXdqGoOD0OhaxopaNFxWzInpEgaLWoVuAMbTzixuosCx2nEG58ngzW3vxdWoxIgdg=="
    },
    "resolve": {
      "version": "1.22.0",
      "resolved": "https://registry.npmmirror.com/resolve/-/resolve-1.22.0.tgz",
      "integrity": "sha512-Hhtrw0nLeSrFQ7phPp4OOcVjLPIeMnRlr5mcnVuMe7M/7eBn98A3hmFRLoFo3DLZkivSYwhRUJTyPyWAk56WLw==",
      "dev": true,
      "requires": {
        "is-core-module": "^2.8.1",
        "path-parse": "^1.0.7",
        "supports-preserve-symlinks-flag": "^1.0.0"
      }
    },
    "rollup": {
      "version": "2.70.1",
      "resolved": "https://registry.npmmirror.com/rollup/-/rollup-2.70.1.tgz",
      "integrity": "sha512-CRYsI5EuzLbXdxC6RnYhOuRdtz4bhejPMSWjsFLfVM/7w/85n2szZv6yExqUXsBdz5KT8eoubeyDUDjhLHEslA==",
      "dev": true,
      "requires": {
        "fsevents": "~2.3.2"
      }
    },
    "source-map": {
      "version": "0.6.1",
      "resolved": "https://registry.npmmirror.com/source-map/-/source-map-0.6.1.tgz",
      "integrity": "sha512-UjgapumWlbMhkBgzT7Ykc5YXUT46F0iKu8SGXq0bcwP5dz/h0Plj6enJqjz1Zbq2l5WaqYnrVbwWOWMyF3F47g=="
    },
    "source-map-js": {
      "version": "1.0.2",
      "resolved": "https://registry.npmmirror.com/source-map-js/-/source-map-js-1.0.2.tgz",
      "integrity": "sha512-R0XvVJ9WusLiqTCEiGCmICCMplcCkIwwR11mOSD9CR5u+IXYdiseeEuXCVAjS54zqwkLcPNnmU4OeJ6tUrWhDw=="
    },
    "sourcemap-codec": {
      "version": "1.4.8",
      "resolved": "https://registry.npmmirror.com/sourcemap-codec/-/sourcemap-codec-1.4.8.tgz",
      "integrity": "sha512-9NykojV5Uih4lgo5So5dtw+f0JgJX30KCNI8gwhz2J9A15wD0Ml6tjHKwf6fTSa6fAdVBdZeNOs9eJ71qCk8vA=="
    },
    "supports-preserve-symlinks-flag": {
      "version": "1.0.0",
      "resolved": "https://registry.npmmirror.com/supports-preserve-symlinks-flag/-/supports-preserve-symlinks-flag-1.0.0.tgz",
      "integrity": "sha512-ot0WnXS9fgdkgIcePe6RHNk1WA8+muPa6cSjeR3V8K27q9BB1rTE3R1p7Hv0z1ZyAc8s6Vvv8DIyWf681MAt0w==",
      "dev": true
    },
    "vite": {
      "version": "2.3.7",
      "resolved": "https://registry.npmmirror.com/vite/-/vite-2.3.7.tgz",
      "integrity": "sha512-Y0xRz11MPYu/EAvzN94+FsOZHbSvO6FUvHv127CyG7mV6oDoay2bw+g5y9wW3Blf8OY3chaz3nc/DcRe1IQ3Nw==",
      "dev": true,
      "requires": {
        "esbuild": "^0.12.5",
        "fsevents": "~2.3.1",
        "postcss": "^8.3.0",
        "resolve": "^1.19.0",
        "rollup": "^2.38.5"
      }
    },
    "vue": {
      "version": "3.2.31",
      "resolved": "https://registry.npmmirror.com/vue/-/vue-3.2.31.tgz",
      "integrity": "sha512-odT3W2tcffTiQCy57nOT93INw1auq5lYLLYtWpPYQQYQOOdHiqFct9Xhna6GJ+pJQaF67yZABraH47oywkJgFw==",
      "requires": {
        "@vue/compiler-dom": "3.2.31",
        "@vue/compiler-sfc": "3.2.31",
        "@vue/runtime-dom": "3.2.31",
        "@vue/server-renderer": "3.2.31",
        "@vue/shared": "3.2.31"
      }
    },
    "vue-router": {
      "version": "4.0.14",
      "resolved": "https://registry.npmmirror.com/vue-router/-/vue-router-4.0.14.tgz",
      "integrity": "sha512-wAO6zF9zxA3u+7AkMPqw9LjoUCjSxfFvINQj3E/DceTt6uEz1XZLraDhdg2EYmvVwTBSGlLYsUw8bDmx0754Mw==",
      "requires": {
        "@vue/devtools-api": "^6.0.0"
      }
    },
    "vuex": {
      "version": "4.0.2",
      "resolved": "https://registry.npmmirror.com/vuex/-/vuex-4.0.2.tgz",
      "integrity": "sha512-M6r8uxELjZIK8kTKDGgZTYX/ahzblnzC4isU1tpmEuOIIKmV+TRdc+H4s8ds2NuZ7wpUTdGRzJRtoj+lI+pc0Q==",
      "requires": {
        "@vue/devtools-api": "^6.0.0-beta.11"
      }
    }
  }
}
